
Microsoft Visual Studio Solution File, Format Version 12.00
# Visual Studio 15
VisualStudioVersion = 15.0.26228.4
MinimumVisualStudioVersion = 10.0.40219.1
Project("{2150E333-8FDC-42A3-9474-1A3956D46DE8}") = "src", "src", "{D994EEE1-3786-4FDF-8A49-76D8B9819A29}"
EndProject
Project("{9A19103F-16F7-4668-BE54-9A1E7A4F7556}") = "Prometheus.Client.Owin", "src\Prometheus.Client.Owin\Prometheus.Client.Owin.csproj", "{1A520089-1C20-4ACF-B4F6-B7D471297D78}"
EndProject
Global
	GlobalSection(SolutionConfigurationPlatforms) = preSolution
		Debug|Any CPU = Debug|Any CPU
		Release|Any CPU = Release|Any CPU
	EndGlobalSection
	GlobalSection(ProjectConfigurationPlatforms) = postSolution
		{1A520089-1C20-4ACF-B4F6-B7D471297D78}.Debug|Any CPU.ActiveCfg = Debug|Any CPU
		{1A520089-1C20-4ACF-B4F6-B7D471297D78}.Debug|Any CPU.Build.0 = Debug|Any CPU
		{1A520089-1C20-4ACF-B4F6-B7D471297D78}.Release|Any CPU.ActiveCfg = Release|Any CPU
		{1A520089-1C20-4ACF-B4F6-B7D471297D78}.Release|Any CPU.Build.0 = Release|Any CPU
	EndGlobalSection
	GlobalSection(SolutionProperties) = preSolution
		HideSolutionNode = FALSE
	EndGlobalSection
	GlobalSection(NestedProjects) = preSolution
		{1A520089-1C20-4ACF-B4F6-B7D471297D78} = {D994EEE1-3786-4FDF-8A49-76D8B9819A29}
	EndGlobalSection
EndGlobal
